// !$*UTF8*$!
{
	archiveVersion = 1;
	classes = {
	};
	objectVersion = 56;
	objects = {

/* Begin PBXBuildFile section */
		63E4A89F2A825E5700B2071A /* BDApp.swift in Sources */ = {isa = PBXBuildFile; fileRef = 63E4A89E2A825E5700B2071A /* BDApp.swift */; };
		63E4A8A12A825E5700B2071A /* BDMainView.swift in Sources */ = {isa = PBXBuildFile; fileRef = 63E4A8A02A825E5700B2071A /* BDMainView.swift */; };
		63E4A8A32A825E5800B2071A /* Assets.xcassets in Resources */ = {isa = PBXBuildFile; fileRef = 63E4A8A22A825E5800B2071A /* Assets.xcassets */; };
		63E4A8A62A825E5800B2071A /* Preview Assets.xcassets in Resources */ = {isa = PBXBuildFile; fileRef = 63E4A8A52A825E5800B2071A /* Preview Assets.xcassets */; };
		63E4A8AB2A825E5800B2071A /* Borderless.xcdatamodeld in Sources */ = {isa = PBXBuildFile; fileRef = 63E4A8A92A825E5800B2071A /* Borderless.xcdatamodeld */; };
		63E4A8B72A8279A700B2071A /* AppDelegate.swift in Sources */ = {isa = PBXBuildFile; fileRef = 63E4A8B62A8279A700B2071A /* AppDelegate.swift */; };
/* End PBXBuildFile section */

/* Begin PBXFileReference section */
		63BC46CD2A83B21E00FEA2D9 /* README.md */ = {isa = PBXFileReference; lastKnownFileType = net.daringfireball.markdown; path = README.md; sourceTree = "<group>"; };
		63E4A89B2A825E5700B2071A /* Borderless.app */ = {isa = PBXFileReference; explicitFileType = wrapper.application; includeInIndex = 0; path = Borderless.app; sourceTree = BUILT_PRODUCTS_DIR; };
		63E4A89E2A825E5700B2071A /* BDApp.swift */ = {isa = PBXFileReference; lastKnownFileType = sourcecode.swift; path = BDApp.swift; sourceTree = "<group>"; };
		63E4A8A02A825E5700B2071A /* BDMainView.swift */ = {isa = PBXFileReference; lastKnownFileType = sourcecode.swift; path = BDMainView.swift; sourceTree = "<group>"; };
		63E4A8A22A825E5800B2071A /* Assets.xcassets */ = {isa = PBXFileReference; lastKnownFileType = folder.assetcatalog; path = Assets.xcassets; sourceTree = "<group>"; };
		63E4A8A52A825E5800B2071A /* Preview Assets.xcassets */ = {isa = PBXFileReference; lastKnownFileType = folder.assetcatalog; path = "Preview Assets.xcassets"; sourceTree = "<group>"; };
		63E4A8AA2A825E5800B2071A /* Folio.xcdatamodel */ = {isa = PBXFileReference; lastKnownFileType = wrapper.xcdatamodel; path = Folio.xcdatamodel; sourceTree = "<group>"; };
		63E4A8AC2A825E5800B2071A /* Borderless.entitlements */ = {isa = PBXFileReference; lastKnownFileType = text.plist.entitlements; path = Borderless.entitlements; sourceTree = "<group>"; };
		63E4A8B62A8279A700B2071A /* AppDelegate.swift */ = {isa = PBXFileReference; lastKnownFileType = sourcecode.swift; path = AppDelegate.swift; sourceTree = "<group>"; };
/* End PBXFileReference section */

/* Begin PBXFrameworksBuildPhase section */
		63E4A8982A825E5700B2071A /* Frameworks */ = {
			isa = PBXFrameworksBuildPhase;
			buildActionMask = 2147483647;
			files = (
			);
			runOnlyForDeploymentPostprocessing = 0;
		};
/* End PBXFrameworksBuildPhase section */

/* Begin PBXGroup section */
		63E4A8922A825E5700B2071A = {
			isa = PBXGroup;
			children = (
				63BC46CD2A83B21E00FEA2D9 /* README.md */,
				63E4A89D2A825E5700B2071A /* Borderless */,
				63E4A89C2A825E5700B2071A /* Products */,
			);
			sourceTree = "<group>";
		};
		63E4A89C2A825E5700B2071A /* Products */ = {
			isa = PBXGroup;
			children = (
				63E4A89B2A825E5700B2071A /* Borderless.app */,
			);
			name = Products;
			sourceTree = "<group>";
		};
		63E4A89D2A825E5700B2071A /* Borderless */ = {
			isa = PBXGroup;
			children = (
				63E4A8B62A8279A700B2071A /* AppDelegate.swift */,
				63E4A89E2A825E5700B2071A /* BDApp.swift */,
				63E4A8A02A825E5700B2071A /* BDMainView.swift */,
				63E4A8A22A825E5800B2071A /* Assets.xcassets */,
				63E4A8AC2A825E5800B2071A /* Borderless.entitlements */,
				63E4A8A92A825E5800B2071A /* Borderless.xcdatamodeld */,
				63E4A8A42A825E5800B2071A /* Preview Content */,
			);
			path = Borderless;
			sourceTree = "<group>";
		};
		63E4A8A42A825E5800B2071A /* Preview Content */ = {
			isa = PBXGroup;
			children = (
				63E4A8A52A825E5800B2071A /* Preview Assets.xcassets */,
			);
			path = "Preview Content";
			sourceTree = "<group>";
		};
/* End PBXGroup section */

/* Begin PBXNativeTarget section */
		63E4A89A2A825E5700B2071A /* Borderless */ = {
			isa = PBXNativeTarget;
			buildConfigurationList = 63E4A8AF2A825E5800B2071A /* Build configuration list for PBXNativeTarget "Borderless" */;
			buildPhases = (
				63E4A8972A825E5700B2071A /* Sources */,
				63E4A8982A825E5700B2071A /* Frameworks */,
				63E4A8992A825E5700B2071A /* Resources */,
			);
			buildRules = (
			);
			dependencies = (
			);
			name = Borderless;
			productName = Folio;
			productReference = 63E4A89B2A825E5700B2071A /* Borderless.app */;
			productType = "com.apple.product-type.application";
		};
/* End PBXNativeTarget section */

/* Begin PBXProject section */
		63E4A8932A825E5700B2071A /* Project object */ = {
			isa = PBXProject;
			attributes = {
				BuildIndependentTargetsInParallel = 1;
				LastSwiftUpdateCheck = 1430;
				LastUpgradeCheck = 1430;
				TargetAttributes = {
					63E4A89A2A825E5700B2071A = {
						CreatedOnToolsVersion = 14.3;
					};
				};
			};
			buildConfigurationList = 63E4A8962A825E5700B2071A /* Build configuration list for PBXProject "Borderless" */;
			compatibilityVersion = "Xcode 14.0";
			developmentRegion = en;
			hasScannedForEncodings = 0;
			knownRegions = (
				en,
				Base,
			);
			mainGroup = 63E4A8922A825E5700B2071A;
			productRefGroup = 63E4A89C2A825E5700B2071A /* Products */;
			projectDirPath = "";
			projectRoot = "";
			targets = (
				63E4A89A2A825E5700B2071A /* Borderless */,
			);
		};
/* End PBXProject section */

/* Begin PBXResourcesBuildPhase section */
		63E4A8992A825E5700B2071A /* Resources */ = {
			isa = PBXResourcesBuildPhase;
			buildActionMask = 2147483647;
			files = (
				63E4A8A62A825E5800B2071A /* Preview Assets.xcassets in Resources */,
				63E4A8A32A825E5800B2071A /* Assets.xcassets in Resources */,
			);
			runOnlyForDeploymentPostprocessing = 0;
		};
/* End PBXResourcesBuildPhase section */

/* Begin PBXSourcesBuildPhase section */
		63E4A8972A825E5700B2071A /* Sources */ = {
			isa = PBXSourcesBuildPhase;
			buildActionMask = 2147483647;
			files = (
				63E4A8A12A825E5700B2071A /* BDMainView.swift in Sources */,
				63E4A89F2A825E5700B2071A /* BDApp.swift in Sources */,
				63E4A8B72A8279A700B2071A /* AppDelegate.swift in Sources */,
				63E4A8AB2A825E5800B2071A /* Borderless.xcdatamodeld in Sources */,
			);
			runOnlyForDeploymentPostprocessing = 0;
		};
/* End PBXSourcesBuildPhase section */

/* Begin XCBuildConfiguration section */
		63E4A8AD2A825E5800B2071A /* Debug */ = {
			isa = XCBuildConfiguration;
			buildSettings = {
				ALWAYS_SEARCH_USER_PATHS = NO;
				CLANG_ANALYZER_NONNULL = YES;
				CLANG_ANALYZER_NUMBER_OBJECT_CONVERSION = YES_AGGRESSIVE;
				CLANG_CXX_LANGUAGE_STANDARD = "gnu++20";
				CLANG_ENABLE_MODULES = YES;
				CLANG_ENABLE_OBJC_ARC = YES;
				CLANG_ENABLE_OBJC_WEAK = YES;
				CLANG_WARN_BLOCK_CAPTURE_AUTORELEASING = YES;
				CLANG_WARN_BOOL_CONVERSION = YES;
				CLANG_WARN_COMMA = YES;
				CLANG_WARN_CONSTANT_CONVERSION = YES;
				CLANG_WARN_DEPRECATED_OBJC_IMPLEMENTATIONS = YES;
				CLANG_WARN_DIRECT_OBJC_ISA_USAGE = YES_ERROR;
				CLANG_WARN_DOCUMENTATION_COMMENTS = YES;
				CLANG_WARN_EMPTY_BODY = YES;
				CLANG_WARN_ENUM_CONVERSION = YES;
				CLANG_WARN_INFINITE_RECURSION = YES;
				CLANG_WARN_INT_CONVERSION = YES;
				CLANG_WARN_NON_LITERAL_NULL_CONVERSION = YES;
				CLANG_WARN_OBJC_IMPLICIT_RETAIN_SELF = YES;
				CLANG_WARN_OBJC_LITERAL_CONVERSION = YES;
				CLANG_WARN_OBJC_ROOT_CLASS = YES_ERROR;
				CLANG_WARN_QUOTED_INCLUDE_IN_FRAMEWORK_HEADER = YES;
				CLANG_WARN_RANGE_LOOP_ANALYSIS = YES;
				CLANG_WARN_STRICT_PROTOTYPES = YES;
				CLANG_WARN_SUSPICIOUS_MOVE = YES;
				CLANG_WARN_UNGUARDED_AVAILABILITY = YES_AGGRESSIVE;
				CLANG_WARN_UNREACHABLE_CODE = YES;
				CLANG_WARN__DUPLICATE_METHOD_MATCH = YES;
				COPY_PHASE_STRIP = NO;
				DEBUG_INFORMATION_FORMAT = dwarf;
				ENABLE_STRICT_OBJC_MSGSEND = YES;
				ENABLE_TESTABILITY = YES;
				GCC_C_LANGUAGE_STANDARD = gnu11;
				GCC_DYNAMIC_NO_PIC = NO;
				GCC_NO_COMMON_BLOCKS = YES;
				GCC_OPTIMIZATION_LEVEL = 0;
				GCC_PREPROCESSOR_DEFINITIONS = (
					"DEBUG=1",
					"$(inherited)",
				);
				GCC_WARN_64_TO_32_BIT_CONVERSION = YES;
				GCC_WARN_ABOUT_RETURN_TYPE = YES_ERROR;
				GCC_WARN_UNDECLARED_SELECTOR = YES;
				GCC_WARN_UNINITIALIZED_AUTOS = YES_AGGRESSIVE;
				GCC_WARN_UNUSED_FUNCTION = YES;
				GCC_WARN_UNUSED_VARIABLE = YES;
				MACOSX_DEPLOYMENT_TARGET = 13.2;
				MTL_ENABLE_DEBUG_INFO = INCLUDE_SOURCE;
				MTL_FAST_MATH = YES;
				ONLY_ACTIVE_ARCH = YES;
				SDKROOT = macosx;
				SWIFT_ACTIVE_COMPILATION_CONDITIONS = DEBUG;
				SWIFT_OPTIMIZATION_LEVEL = "-Onone";
			};
			name = Debug;
		};
		63E4A8AE2A825E5800B2071A /* Release */ = {
			isa = XCBuildConfiguration;
			buildSettings = {
				ALWAYS_SEARCH_USER_PATHS = NO;
				CLANG_ANALYZER_NONNULL = YES;
				CLANG_ANALYZER_NUMBER_OBJECT_CONVERSION = YES_AGGRESSIVE;
				CLANG_CXX_LANGUAGE_STANDARD = "gnu++20";
				CLANG_ENABLE_MODULES = YES;
				CLANG_ENABLE_OBJC_ARC = YES;
				CLANG_ENABLE_OBJC_WEAK = YES;
				CLANG_WARN_BLOCK_CAPTURE_AUTORELEASING = YES;
				CLANG_WARN_BOOL_CONVERSION = YES;
				CLANG_WARN_COMMA = YES;
				CLANG_WARN_CONSTANT_CONVERSION = YES;
				CLANG_WARN_DEPRECATED_OBJC_IMPLEMENTATIONS = YES;
				CLANG_WARN_DIRECT_OBJC_ISA_USAGE = YES_ERROR;
				CLANG_WARN_DOCUMENTATION_COMMENTS = YES;
				CLANG_WARN_EMPTY_BODY = YES;
				CLANG_WARN_ENUM_CONVERSION = YES;
				CLANG_WARN_INFINITE_RECURSION = YES;
				CLANG_WARN_INT_CONVERSION = YES;
				CLANG_WARN_NON_LITERAL_NULL_CONVERSION = YES;
				CLANG_WARN_OBJC_IMPLICIT_RETAIN_SELF = YES;
				CLANG_WARN_OBJC_LITERAL_CONVERSION = YES;
				CLANG_WARN_OBJC_ROOT_CLASS = YES_ERROR;
				CLANG_WARN_QUOTED_INCLUDE_IN_FRAMEWORK_HEADER = YES;
				CLANG_WARN_RANGE_LOOP_ANALYSIS = YES;
				CLANG_WARN_STRICT_PROTOTYPES = YES;
				CLANG_WARN_SUSPICIOUS_MOVE = YES;
				CLANG_WARN_UNGUARDED_AVAILABILITY = YES_AGGRESSIVE;
				CLANG_WARN_UNREACHABLE_CODE = YES;
				CLANG_WARN__DUPLICATE_METHOD_MATCH = YES;
				COPY_PHASE_STRIP = NO;
				DEBUG_INFORMATION_FORMAT = "dwarf-with-dsym";
				ENABLE_NS_ASSERTIONS = NO;
				ENABLE_STRICT_OBJC_MSGSEND = YES;
				GCC_C_LANGUAGE_STANDARD = gnu11;
				GCC_NO_COMMON_BLOCKS = YES;
				GCC_WARN_64_TO_32_BIT_CONVERSION = YES;
				GCC_WARN_ABOUT_RETURN_TYPE = YES_ERROR;
				GCC_WARN_UNDECLARED_SELECTOR = YES;
				GCC_WARN_UNINITIALIZED_AUTOS = YES_AGGRESSIVE;
				GCC_WARN_UNUSED_FUNCTION = YES;
				GCC_WARN_UNUSED_VARIABLE = YES;
				MACOSX_DEPLOYMENT_TARGET = 13.2;
				MTL_ENABLE_DEBUG_INFO = NO;
				MTL_FAST_MATH = YES;
				SDKROOT = macosx;
				SWIFT_COMPILATION_MODE = wholemodule;
				SWIFT_OPTIMIZATION_LEVEL = "-O";
			};
			name = Release;
		};
		63E4A8B02A825E5800B2071A /* Debug */ = {
			isa = XCBuildConfiguration;
			buildSettings = {
				ASSETCATALOG_COMPILER_APPICON_NAME = AppIcon;
				ASSETCATALOG_COMPILER_GLOBAL_ACCENT_COLOR_NAME = AccentColor;
				CODE_SIGN_ENTITLEMENTS = Borderless/Borderless.entitlements;
				CODE_SIGN_IDENTITY = "Apple Development";
				CODE_SIGN_STYLE = Automatic;
				COMBINE_HIDPI_IMAGES = YES;
				CURRENT_PROJECT_VERSION = 1;
				DEVELOPMENT_ASSET_PATHS = "\"Borderless/Preview Content\"";
				DEVELOPMENT_TEAM = VLE9UF43XH;
				ENABLE_HARDENED_RUNTIME = YES;
				ENABLE_PREVIEWS = YES;
				GENERATE_INFOPLIST_FILE = YES;
				INFOPLIST_KEY_CFBundleDisplayName = Borderless;
				INFOPLIST_KEY_LSApplicationCategoryType = "public.app-category.business";
				INFOPLIST_KEY_NSHumanReadableCopyright = "";
				LD_RUNPATH_SEARCH_PATHS = (
					"$(inherited)",
					"@executable_path/../Frameworks",
				);
				MARKETING_VERSION = 1.0;
				PRODUCT_BUNDLE_IDENTIFIER = com.welivelikethis.Borderless;
				PRODUCT_NAME = "$(TARGET_NAME)";
				PROVISIONING_PROFILE_SPECIFIER = "";
				SWIFT_EMIT_LOC_STRINGS = YES;
				SWIFT_VERSION = 5.0;
			};
			name = Debug;
		};
		63E4A8B12A825E5800B2071A /* Release */ = {
			isa = XCBuildConfiguration;
			buildSettings = {
				ASSETCATALOG_COMPILER_APPICON_NAME = AppIcon;
				ASSETCATALOG_COMPILER_GLOBAL_ACCENT_COLOR_NAME = AccentColor;
				CODE_SIGN_ENTITLEMENTS = Borderless/Borderless.entitlements;
				CODE_SIGN_IDENTITY = "Apple Development";
				CODE_SIGN_STYLE = Automatic;
				COMBINE_HIDPI_IMAGES = YES;
				CURRENT_PROJECT_VERSION = 1;
				DEVELOPMENT_ASSET_PATHS = "\"Borderless/Preview Content\"";
				DEVELOPMENT_TEAM = VLE9UF43XH;
				ENABLE_HARDENED_RUNTIME = YES;
				ENABLE_PREVIEWS = YES;
				GENERATE_INFOPLIST_FILE = YES;
				INFOPLIST_KEY_CFBundleDisplayName = Borderless;
				INFOPLIST_KEY_LSApplicationCategoryType = "public.app-category.business";
				INFOPLIST_KEY_NSHumanReadableCopyright = "";
				LD_RUNPATH_SEARCH_PATHS = (
					"$(inherited)",
					"@executable_path/../Frameworks",
				);
				MARKETING_VERSION = 1.0;
				PRODUCT_BUNDLE_IDENTIFIER = com.welivelikethis.Borderless;
				PRODUCT_NAME = "$(TARGET_NAME)";
				PROVISIONING_PROFILE_SPECIFIER = "";
				SWIFT_EMIT_LOC_STRINGS = YES;
				SWIFT_VERSION = 5.0;
			};
			name = Release;
		};
/* End XCBuildConfiguration section */

/* Begin XCConfigurationList section */
		63E4A8962A825E5700B2071A /* Build configuration list for PBXProject "Borderless" */ = {
			isa = XCConfigurationList;
			buildConfigurations = (
				63E4A8AD2A825E5800B2071A /* Debug */,
				63E4A8AE2A825E5800B2071A /* Release */,
			);
			defaultConfigurationIsVisible = 0;
			defaultConfigurationName = Release;
		};
		63E4A8AF2A825E5800B2071A /* Build configuration list for PBXNativeTarget "Borderless" */ = {
			isa = XCConfigurationList;
			buildConfigurations = (
				63E4A8B02A825E5800B2071A /* Debug */,
				63E4A8B12A825E5800B2071A /* Release */,
			);
			defaultConfigurationIsVisible = 0;
			defaultConfigurationName = Release;
		};
/* End XCConfigurationList section */

/* Begin XCVersionGroup section */
		63E4A8A92A825E5800B2071A /* Borderless.xcdatamodeld */ = {
			isa = XCVersionGroup;
			children = (
				63E4A8AA2A825E5800B2071A /* Folio.xcdatamodel */,
			);
			currentVersion = 63E4A8AA2A825E5800B2071A /* Folio.xcdatamodel */;
			path = Borderless.xcdatamodeld;
			sourceTree = "<group>";
			versionGroupType = wrapper.xcdatamodel;
		};
/* End XCVersionGroup section */
	};
	rootObject = 63E4A8932A825E5700B2071A /* Project object */;
}
